Microsoft Visual Studio Solution File, Format Version 12.00
# Visual Studio 15
VisualStudioVersion = 15.0.28307.572
MinimumVisualStudioVersion = 10.0.40219.1
Project("{8BC9CEB8-8B4A-11D0-8D11-00A0C91BC942}") = "dnssdstub", "dnssdstub.vcxproj", "{C0899B3A-43E7-4BC3-A785-659E1FD2EA83}"
EndProject
Project("{8BC9CEB8-8B4A-11D0-8D11-00A0C91BC942}") = "libcups2", "libcups2.vcxproj", "{CB4AA6F2-3E84-45BE-B505-95CD375E8BE3}"
EndProject
Project("{8BC9CEB8-8B4A-11D0-8D11-00A0C91BC942}") = "ipptool", "ipptool.vcxproj", "{B246D91E-61F2-4433-BFD2-6C2A96FBD4D4}"
EndProject
Project("{8BC9CEB8-8B4A-11D0-8D11-00A0C91BC942}") = "regex", "regex.vcxproj", "{18950A1B-D37A-40C7-B2DF-C12986C0526E}"
EndProject
Project("{8BC9CEB8-8B4A-11D0-8D11-00A0C91BC942}") = "ippfind", "ippfind.vcxproj", "{B484DA0C-62C8-4C32-83B6-CCEB58968B85}"
EndProject
Project("{8BC9CEB8-8B4A-11D0-8D11-00A0C91BC942}") = "ippserver", "ippserver.vcxproj", "{82A03BC7-0746-4B85-8908-3C7A3FAA58A9}"
	ProjectSection(ProjectDependencies) = postProject
		{18950A1B-D37A-40C7-B2DF-C12986C0526E} = {18950A1B-D37A-40C7-B2DF-C12986C0526E}
	EndProjectSection
EndProject
Project("{8BC9CEB8-8B4A-11D0-8D11-00A0C91BC942}") = "ippeveprinter", "ippeveprinter.vcxproj", "{6336DDC4-B399-4088-8C8E-4BA3D0B15E52}"
EndProject
Global
	GlobalSection(SolutionConfigurationPlatforms) = preSolution
		Debug|x64 = Debug|x64
		Release|x64 = Release|x64
	EndGlobalSection
	GlobalSection(ProjectConfigurationPlatforms) = postSolution
		{C0899B3A-43E7-4BC3-A785-659E1FD2EA83}.Debug|x64.ActiveCfg = Debug|x64
		{C0899B3A-43E7-4BC3-A785-659E1FD2EA83}.Debug|x64.Build.0 = Debug|x64
		{C0899B3A-43E7-4BC3-A785-659E1FD2EA83}.Release|x64.ActiveCfg = Release|x64
		{C0899B3A-43E7-4BC3-A785-659E1FD2EA83}.Release|x64.Build.0 = Release|x64
		{CB4AA6F2-3E84-45BE-B505-95CD375E8BE3}.Debug|x64.ActiveCfg = Debug|x64
		{CB4AA6F2-3E84-45BE-B505-95CD375E8BE3}.Debug|x64.Build.0 = Debug|x64
		{CB4AA6F2-3E84-45BE-B505-95CD375E8BE3}.Release|x64.ActiveCfg = Release|x64
		{CB4AA6F2-3E84-45BE-B505-95CD375E8BE3}.Release|x64.Build.0 = Release|x64
		{B246D91E-61F2-4433-BFD2-6C2A96FBD4D4}.Debug|x64.ActiveCfg = Debug|x64
		{B246D91E-61F2-4433-BFD2-6C2A96FBD4D4}.Debug|x64.Build.0 = Debug|x64
		{B246D91E-61F2-4433-BFD2-6C2A96FBD4D4}.Release|x64.ActiveCfg = Release|x64
		{B246D91E-61F2-4433-BFD2-6C2A96FBD4D4}.Release|x64.Build.0 = Release|x64
		{18950A1B-D37A-40C7-B2DF-C12986C0526E}.Debug|x64.ActiveCfg = Debug|x64
		{18950A1B-D37A-40C7-B2DF-C12986C0526E}.Debug|x64.Build.0 = Debug|x64
		{18950A1B-D37A-40C7-B2DF-C12986C0526E}.Release|x64.ActiveCfg = Release|x64
		{18950A1B-D37A-40C7-B2DF-C12986C0526E}.Release|x64.Build.0 = Release|x64
		{B484DA0C-62C8-4C32-83B6-CCEB58968B85}.Debug|x64.ActiveCfg = Debug|x64
		{B484DA0C-62C8-4C32-83B6-CCEB58968B85}.Debug|x64.Build.0 = Debug|x64
		{B484DA0C-62C8-4C32-83B6-CCEB58968B85}.Release|x64.ActiveCfg = Release|x64
		{B484DA0C-62C8-4C32-83B6-CCEB58968B85}.Release|x64.Build.0 = Release|x64
		{82A03BC7-0746-4B85-8908-3C7A3FAA58A9}.Debug|x64.ActiveCfg = Debug|x64
		{82A03BC7-0746-4B85-8908-3C7A3FAA58A9}.Debug|x64.Build.0 = Debug|x64
		{82A03BC7-0746-4B85-8908-3C7A3FAA58A9}.Release|x64.ActiveCfg = Release|x64
		{82A03BC7-0746-4B85-8908-3C7A3FAA58A9}.Release|x64.Build.0 = Release|x64
		{6336DDC4-B399-4088-8C8E-4BA3D0B15E52}.Debug|x64.ActiveCfg = Debug|x64
		{6336DDC4-B399-4088-8C8E-4BA3D0B15E52}.Debug|x64.Build.0 = Debug|x64
		{6336DDC4-B399-4088-8C8E-4BA3D0B15E52}.Release|x64.ActiveCfg = Release|x64
		{6336DDC4-B399-4088-8C8E-4BA3D0B15E52}.Release|x64.Build.0 = Release|x64
	EndGlobalSection
	GlobalSection(SolutionProperties) = preSolution
		HideSolutionNode = FALSE
	EndGlobalSection
	GlobalSection(ExtensibilityGlobals) = postSolution
		SolutionGuid = {7A46D144-4B42-4BEB-8A8B-3152D587967C}
	EndGlobalSection
EndGlobal
